
Microsoft Visual Studio Solution File, Format Version 12.00
# Visual Studio Version 16
VisualStudioVersion = 16.0.29519.87
MinimumVisualStudioVersion = 10.0.40219.1
Project("{FAE04EC0-301F-11D3-BF4B-00C04F79EFBC}") = "StockControl", "StockControl\StockControl.csproj", "{9E41EE5F-E084-40FD-AF6B-D90FE6874839}"
EndProject
Global
	GlobalSection(SolutionConfigurationPlatforms) = preSolution
		Debug|Any CPU = Debug|Any CPU
		Release|Any CPU = Release|Any CPU
	EndGlobalSection
	GlobalSection(ProjectConfigurationPlatforms) = postSolution
		{9E41EE5F-E084-40FD-AF6B-D90FE6874839}.Debug|Any CPU.ActiveCfg = Debug|Any CPU
		{9E41EE5F-E084-40FD-AF6B-D90FE6874839}.Debug|Any CPU.Build.0 = Debug|Any CPU
		{9E41EE5F-E084-40FD-AF6B-D90FE6874839}.Release|Any CPU.ActiveCfg = Release|Any CPU
		{9E41EE5F-E084-40FD-AF6B-D90FE6874839}.Release|Any CPU.Build.0 = Release|Any CPU
	EndGlobalSection
	GlobalSection(SolutionProperties) = preSolution
		HideSolutionNode = FALSE
	EndGlobalSection
	GlobalSection(ExtensibilityGlobals) = postSolution
		SolutionGuid = {23B17E62-B815-4C1C-8727-BB02F54BA62B}
	EndGlobalSection
EndGlobal
